{
  "name": "llm_task",
  "lockfileVersion": 3,
  "requires": true,
  "packages": {
    "": {
      "dependencies": {
        "@mediapipe/tasks-genai": "^0.10.17"
      }
    },
    "node_modules/@mediapipe/tasks-genai": {
      "version": "0.10.17",
      "resolved": "https://registry.npmjs.org/@mediapipe/tasks-genai/-/tasks-genai-0.10.17.tgz",
      "integrity": "sha512-iwhbAzvIQF47r7tDPyB6vY6ZxBDGF+y1U/LH1kWlDPnncUhwcHZ5uanlprKXZlYqViwddFpw9t13OD+q5zPnLA=="
    }
  }
}
